<?xml version="1.0" encoding="utf-8"?>
<Project ToolsVersion="4.0" xmlns="http://schemas.microsoft.com/developer/msbuild/2003">
  <ItemGroup>
    <ClCompile Include="..\..\..\Src\OVR_DeviceHandle.cpp" />
    <ClCompile Include="..\..\..\Src\OVR_DeviceImpl.cpp" />
    <ClCompile Include="..\..\..\Src\OVR_JSON.cpp" />
    <ClCompile Include="..\..\..\Src\OVR_LatencyTestImpl.cpp" />
    <ClCompile Include="..\..\..\Src\OVR_Profile.cpp" />
    <ClCompile Include="..\..\..\Src\OVR_Sensor2Impl.cpp" />
    <ClCompile Include="..\..\..\Src\OVR_SensorCalibration.cpp" />
    <ClCompile Include="..\..\..\Src\OVR_SensorFilter.cpp" />
    <ClCompile Include="..\..\..\Src\OVR_SensorFusion.cpp" />
    <ClCompile Include="..\..\..\Src\OVR_SensorImpl.cpp" />
    <ClCompile Include="..\..\..\Src\OVR_SensorImpl_Common.cpp" />
    <ClCompile Include="..\..\..\Src\OVR_SensorTimeFilter.cpp" />
    <ClCompile Include="..\..\..\Src\OVR_Stereo.cpp" />
    <ClCompile Include="..\..\..\Src\OVR_ThreadCommandQueue.cpp" />
    <ClCompile Include="..\..\..\Src\OVR_Win32_DeviceManager.cpp" />
    <ClCompile Include="..\..\..\Src\OVR_Win32_DeviceStatus.cpp" />
    <ClCompile Include="..\..\..\Src\OVR_Win32_HIDDevice.cpp" />
    <ClCompile Include="..\..\..\Src\OVR_Win32_HMDDevice.cpp" />
    <ClCompile Include="..\..\..\Src\OVR_Win32_SensorDevice.cpp" />
    <ClCompile Include="..\..\..\Src\Util\Util_LatencyTest.cpp">
      <Filter>Util</Filter>
    </ClCompile>
    <ClCompile Include="..\..\..\Src\Util\Util_Render_Stereo.cpp">
      <Filter>Util</Filter>
    </ClCompile>
    <ClCompile Include="..\..\..\Src\Kernel\OVR_Alg.cpp">
      <Filter>Kernel</Filter>
    </ClCompile>
    <ClCompile Include="..\..\..\Src\Kernel\OVR_Allocator.cpp">
      <Filter>Kernel</Filter>
    </ClCompile>
    <ClCompile Include="..\..\..\Src\Kernel\OVR_Atomic.cpp">
      <Filter>Kernel</Filter>
    </ClCompile>
    <ClCompile Include="..\..\..\Src\Kernel\OVR_File.cpp">
      <Filter>Kernel</Filter>
    </ClCompile>
    <ClCompile Include="..\..\..\Src\Kernel\OVR_FileFILE.cpp">
      <Filter>Kernel</Filter>
    </ClCompile>
    <ClCompile Include="..\..\..\Src\Kernel\OVR_Lockless.cpp">
      <Filter>Kernel</Filter>
    </ClCompile>
    <ClCompile Include="..\..\..\Src\Kernel\OVR_Log.cpp">
      <Filter>Kernel</Filter>
    </ClCompile>
    <ClCompile Include="..\..\..\Src\Kernel\OVR_Math.cpp">
      <Filter>Kernel</Filter>
    </ClCompile>
    <ClCompile Include="..\..\..\Src\Kernel\OVR_RefCount.cpp">
      <Filter>Kernel</Filter>
    </ClCompile>
    <ClCompile Include="..\..\..\Src\Kernel\OVR_Std.cpp">
      <Filter>Kernel</Filter>
    </ClCompile>
    <ClCompile Include="..\..\..\Src\Kernel\OVR_String.cpp">
      <Filter>Kernel</Filter>
    </ClCompile>
    <ClCompile Include="..\..\..\Src\Kernel\OVR_String_FormatUtil.cpp">
      <Filter>Kernel</Filter>
    </ClCompile>
    <ClCompile Include="..\..\..\Src\Kernel\OVR_String_PathUtil.cpp">
      <Filter>Kernel</Filter>
    </ClCompile>
    <ClCompile Include="..\..\..\Src\Kernel\OVR_SysFile.cpp">
      <Filter>Kernel</Filter>
    </ClCompile>
    <ClCompile Include="..\..\..\Src\Kernel\OVR_System.cpp">
      <Filter>Kernel</Filter>
    </ClCompile>
    <ClCompile Include="..\..\..\Src\Kernel\OVR_ThreadsWinAPI.cpp">
      <Filter>Kernel</Filter>
    </ClCompile>
    <ClCompile Include="..\..\..\Src\Kernel\OVR_Timer.cpp">
      <Filter>Kernel</Filter>
    </ClCompile>
    <ClCompile Include="..\..\..\Src\Kernel\OVR_UTF8Util.cpp">
      <Filter>Kernel</Filter>
    </ClCompile>
    <ClCompile Include="..\..\..\Src\CAPI\CAPI_DistortionRenderer.cpp">
      <Filter>CAPI</Filter>
    </ClCompile>
    <ClCompile Include="..\..\..\Src\CAPI\CAPI_GlobalState.cpp">
      <Filter>CAPI</Filter>
    </ClCompile>
    <ClCompile Include="..\..\..\Src\CAPI\CAPI_HMDRenderState.cpp">
      <Filter>CAPI</Filter>
    </ClCompile>
    <ClCompile Include="..\..\..\Src\CAPI\CAPI_HMDState.cpp">
      <Filter>CAPI</Filter>
    </ClCompile>
    <ClCompile Include="..\..\..\Src\CAPI\D3D1X\CAPI_D3D1X_DistortionRenderer.cpp">
      <Filter>CAPI\D3D1X</Filter>
    </ClCompile>
    <ClCompile Include="..\..\..\Src\CAPI\D3D1X\CAPI_D3D1X_Util.cpp">
      <Filter>CAPI\D3D1X</Filter>
    </ClCompile>
    <ClCompile Include="..\..\..\Src\CAPI\D3D1X\CAPI_D3D10_DistortionRenderer.cpp">
      <Filter>CAPI\D3D1X</Filter>
    </ClCompile>
    <ClCompile Include="..\..\..\Src\CAPI\D3D1X\CAPI_D3D11_DistortionRenderer.cpp">
      <Filter>CAPI\D3D1X</Filter>
    </ClCompile>
    <ClCompile Include="..\..\..\Src\OVR_CAPI.cpp" />
    <ClCompile Include="..\..\..\Src\CAPI\CAPI_FrameTimeManager.cpp">
      <Filter>CAPI</Filter>
    </ClCompile>
    <ClCompile Include="..\..\..\Src\CAPI\D3D1X\CAPI_D3D9_DistortionRenderer.cpp">
      <Filter>CAPI\D3D1X</Filter>
    </ClCompile>
    <ClCompile Include="..\..\..\Src\CAPI\D3D1X\CAPI_D3D9_Util.cpp">
      <Filter>CAPI\D3D1X</Filter>
    </ClCompile>
    <ClCompile Include="..\..\..\Src\Util\Util_ImageWindow.cpp">
      <Filter>Util</Filter>
    </ClCompile>
    <ClCompile Include="..\..\..\Src\Util\Util_LatencyTest2.cpp">
      <Filter>Util</Filter>
    </ClCompile>
    <ClCompile Include="..\..\..\Src\Util\Util_Interface.cpp">
      <Filter>Util</Filter>
    </ClCompile>
    <ClCompile Include="..\..\..\Src\CAPI\GL\CAPI_GL_DistortionRenderer.cpp">
      <Filter>CAPI\GL</Filter>
    </ClCompile>
    <ClCompile Include="..\..\..\Src\CAPI\GL\CAPI_GL_Util.cpp">
      <Filter>CAPI\GL</Filter>
    </ClCompile>
  </ItemGroup>
  <ItemGroup>
    <ClInclude Include="..\..\..\Src\OVR_Device.h" />
    <ClInclude Include="..\..\..\Src\OVR_DeviceConstants.h" />
    <ClInclude Include="..\..\..\Src\OVR_DeviceHandle.h" />
    <ClInclude Include="..\..\..\Src\OVR_DeviceImpl.h" />
    <ClInclude Include="..\..\..\Src\OVR_DeviceMessages.h" />
    <ClInclude Include="..\..\..\Src\OVR_HIDDevice.h" />
    <ClInclude Include="..\..\..\Src\OVR_HIDDeviceBase.h" />
    <ClInclude Include="..\..\..\Src\OVR_HIDDeviceImpl.h" />
    <ClInclude Include="..\..\..\Src\OVR_JSON.h" />
    <ClInclude Include="..\..\..\Src\OVR_LatencyTestImpl.h" />
    <ClInclude Include="..\..\..\Src\OVR_Profile.h" />
    <ClInclude Include="..\..\..\Src\OVR_Sensor2Impl.h" />
    <ClInclude Include="..\..\..\Src\OVR_SensorCalibration.h" />
    <ClInclude Include="..\..\..\Src\OVR_SensorFilter.h" />
    <ClInclude Include="..\..\..\Src\OVR_SensorFusion.h" />
    <ClInclude Include="..\..\..\Src\OVR_SensorImpl.h" />
    <ClInclude Include="..\..\..\Src\OVR_SensorImpl_Common.h" />
    <ClInclude Include="..\..\..\Src\OVR_SensorTimeFilter.h" />
    <ClInclude Include="..\..\..\Src\OVR_Stereo.h" />
    <ClInclude Include="..\..\..\Src\OVR_ThreadCommandQueue.h" />
    <ClInclude Include="..\..\..\Src\OVR_Win32_DeviceManager.h" />
    <ClInclude Include="..\..\..\Src\OVR_Win32_DeviceStatus.h" />
    <ClInclude Include="..\..\..\Src\OVR_Win32_HIDDevice.h" />
    <ClInclude Include="..\..\..\Src\OVR_Win32_HMDDevice.h" />
    <ClInclude Include="..\..\..\Src\OVR_Win32_SensorDevice.h" />
    <ClInclude Include="..\..\..\Src\Util\Util_Render_Stereo.h">
      <Filter>Util</Filter>
    </ClInclude>
    <ClInclude Include="..\..\..\Src\Util\Util_LatencyTest.h">
      <Filter>Util</Filter>
    </ClInclude>
    <ClInclude Include="..\..\..\Src\Kernel\OVR_Alg.h">
      <Filter>Kernel</Filter>
    </ClInclude>
    <ClInclude Include="..\..\..\Src\Kernel\OVR_Allocator.h">
      <Filter>Kernel</Filter>
    </ClInclude>
    <ClInclude Include="..\..\..\Src\Kernel\OVR_Array.h">
      <Filter>Kernel</Filter>
    </ClInclude>
    <ClInclude Include="..\..\..\Src\Kernel\OVR_Atomic.h">
      <Filter>Kernel</Filter>
    </ClInclude>
    <ClInclude Include="..\..\..\Src\Kernel\OVR_Color.h">
      <Filter>Kernel</Filter>
    </ClInclude>
    <ClInclude Include="..\..\..\Src\Kernel\OVR_ContainerAllocator.h">
      <Filter>Kernel</Filter>
    </ClInclude>
    <ClInclude Include="..\..\..\Src\Kernel\OVR_Deque.h">
      <Filter>Kernel</Filter>
    </ClInclude>
    <ClInclude Include="..\..\..\Src\Kernel\OVR_File.h">
      <Filter>Kernel</Filter>
    </ClInclude>
    <ClInclude Include="..\..\..\Src\Kernel\OVR_Hash.h">
      <Filter>Kernel</Filter>
    </ClInclude>
    <ClInclude Include="..\..\..\Src\Kernel\OVR_KeyCodes.h">
      <Filter>Kernel</Filter>
    </ClInclude>
    <ClInclude Include="..\..\..\Src\Kernel\OVR_List.h">
      <Filter>Kernel</Filter>
    </ClInclude>
    <ClInclude Include="..\..\..\Src\Kernel\OVR_Lockless.h">
      <Filter>Kernel</Filter>
    </ClInclude>
    <ClInclude Include="..\..\..\Src\Kernel\OVR_Log.h">
      <Filter>Kernel</Filter>
    </ClInclude>
    <ClInclude Include="..\..\..\Src\Kernel\OVR_Math.h">
      <Filter>Kernel</Filter>
    </ClInclude>
    <ClInclude Include="..\..\..\Src\Kernel\OVR_RefCount.h">
      <Filter>Kernel</Filter>
    </ClInclude>
    <ClInclude Include="..\..\..\Src\Kernel\OVR_Std.h">
      <Filter>Kernel</Filter>
    </ClInclude>
    <ClInclude Include="..\..\..\Src\Kernel\OVR_String.h">
      <Filter>Kernel</Filter>
    </ClInclude>
    <ClInclude Include="..\..\..\Src\Kernel\OVR_StringHash.h">
      <Filter>Kernel</Filter>
    </ClInclude>
    <ClInclude Include="..\..\..\Src\Kernel\OVR_SysFile.h">
      <Filter>Kernel</Filter>
    </ClInclude>
    <ClInclude Include="..\..\..\Src\Kernel\OVR_System.h">
      <Filter>Kernel</Filter>
    </ClInclude>
    <ClInclude Include="..\..\..\Src\Kernel\OVR_Threads.h">
      <Filter>Kernel</Filter>
    </ClInclude>
    <ClInclude Include="..\..\..\Src\Kernel\OVR_Timer.h">
      <Filter>Kernel</Filter>
    </ClInclude>
    <ClInclude Include="..\..\..\Src\Kernel\OVR_Types.h">
      <Filter>Kernel</Filter>
    </ClInclude>
    <ClInclude Include="..\..\..\Src\Kernel\OVR_UTF8Util.h">
      <Filter>Kernel</Filter>
    </ClInclude>
    <ClInclude Include="..\..\..\Src\OVR_Sensor2ImplUtil.h" />
    <ClInclude Include="..\..\..\Src\CAPI\CAPI_DistortionRenderer.h">
      <Filter>CAPI</Filter>
    </ClInclude>
    <ClInclude Include="..\..\..\Src\CAPI\CAPI_GlobalState.h">
      <Filter>CAPI</Filter>
    </ClInclude>
    <ClInclude Include="..\..\..\Src\CAPI\CAPI_HMDRenderState.h">
      <Filter>CAPI</Filter>
    </ClInclude>
    <ClInclude Include="..\..\..\Src\CAPI\CAPI_HMDState.h">
      <Filter>CAPI</Filter>
    </ClInclude>
    <ClInclude Include="..\..\..\Src\CAPI\D3D1X\CAPI_D3D1X_DistortionRenderer.h">
      <Filter>CAPI\D3D1X</Filter>
    </ClInclude>
    <ClInclude Include="..\..\..\Src\CAPI\D3D1X\CAPI_D3D1X_Util.h">
      <Filter>CAPI\D3D1X</Filter>
    </ClInclude>
    <ClInclude Include="..\..\..\Src\CAPI\D3D1X\CAPI_D3D10_DistortionRenderer.h">
      <Filter>CAPI\D3D1X</Filter>
    </ClInclude>
    <ClInclude Include="..\..\..\Src\CAPI\D3D1X\CAPI_D3D11_DistortionRenderer.h">
      <Filter>CAPI\D3D1X</Filter>
    </ClInclude>
    <ClInclude Include="..\..\..\Src\OVR_CAPI.h" />
    <ClInclude Include="..\..\..\Src\OVR_CAPI_D3D.h" />
    <ClInclude Include="..\..\..\Src\CAPI\CAPI_FrameTimeManager.h">
      <Filter>CAPI</Filter>
    </ClInclude>
    <ClInclude Include="..\..\..\Src\Util\Util_Interface.h">
      <Filter>Util</Filter>
    </ClInclude>
    <ClInclude Include="..\..\..\Src\CAPI\D3D1X\CAPI_D3D9_DistortionRenderer.h">
      <Filter>CAPI\D3D1X</Filter>
    </ClInclude>
    <ClInclude Include="..\..\..\Src\Util\Util_ImageWindow.h">
      <Filter>Util</Filter>
    </ClInclude>
    <ClInclude Include="..\..\..\Src\Util\Util_LatencyTest2.h">
      <Filter>Util</Filter>
    </ClInclude>
    <ClInclude Include="..\..\..\Src\CAPI\GL\CAPI_GL_DistortionRenderer.h">
      <Filter>CAPI\GL</Filter>
    </ClInclude>
    <ClInclude Include="..\..\..\Src\CAPI\GL\CAPI_GL_Util.h">
      <Filter>CAPI\GL</Filter>
    </ClInclude>
  </ItemGroup>
  <ItemGroup>
    <Filter Include="Util">
      <UniqueIdentifier>{aa824f36-4d15-4dca-9894-fef4368ea56a}</UniqueIdentifier>
    </Filter>
    <Filter Include="Kernel">
      <UniqueIdentifier>{d532b65b-dee5-422f-b723-ce8639eedbe0}</UniqueIdentifier>
    </Filter>
    <Filter Include="CAPI">
      <UniqueIdentifier>{7ec9033e-7bc6-49de-93d0-91eecdd9a858}</UniqueIdentifier>
    </Filter>
    <Filter Include="CAPI\D3D1X">
      <UniqueIdentifier>{0ee0029b-0b10-4ad6-a10c-7bf4ccefdf54}</UniqueIdentifier>
    </Filter>
    <Filter Include="CAPI\Shaders">
      <UniqueIdentifier>{191043aa-7805-44f0-a0a4-02799289365c}</UniqueIdentifier>
    </Filter>
    <Filter Include="CAPI\GL">
      <UniqueIdentifier>{c86c7070-6bf4-4ae4-b9bf-4c21d2ba9516}</UniqueIdentifier>
    </Filter>
  </ItemGroup>
  <ItemGroup>
    <CustomBuild Include="..\..\..\Src\CAPI\Shaders\DistortionChroma_ps.psh">
      <Filter>CAPI\Shaders</Filter>
    </CustomBuild>
    <CustomBuild Include="..\..\..\Src\CAPI\Shaders\Distortion_ps.psh">
      <Filter>CAPI\Shaders</Filter>
    </CustomBuild>
    <CustomBuild Include="..\..\..\Src\CAPI\Shaders\DistortionTimewarpChroma_vs.vsh">
      <Filter>CAPI\Shaders</Filter>
    </CustomBuild>
    <CustomBuild Include="..\..\..\Src\CAPI\Shaders\DistortionTimewarp_vs.vsh">
      <Filter>CAPI\Shaders</Filter>
    </CustomBuild>
    <CustomBuild Include="..\..\..\Src\CAPI\Shaders\DistortionChroma_vs.vsh">
      <Filter>CAPI\Shaders</Filter>
    </CustomBuild>
    <CustomBuild Include="..\..\..\Src\CAPI\Shaders\Distortion_vs.vsh">
      <Filter>CAPI\Shaders</Filter>
    </CustomBuild>
    <CustomBuild Include="..\..\..\Src\CAPI\Shaders\SimpleQuad_ps.psh">
      <Filter>CAPI\Shaders</Filter>
    </CustomBuild>
    <CustomBuild Include="..\..\..\Src\CAPI\Shaders\SimpleQuad_vs.vsh">
      <Filter>CAPI\Shaders</Filter>
    </CustomBuild>
  </ItemGroup>
</Project>