<?xml version="1.0" encoding="utf-8"?>
<Project ToolsVersion="4.0" xmlns="http://schemas.microsoft.com/developer/msbuild/2003">
  <ItemGroup>
    <ClCompile Include="../../../Win32_OculusRoomTiny.cpp" />
    <ClCompile Include="../../../OculusRoomModel.cpp">
      <Filter>Util</Filter>
    </ClCompile>
    <ClCompile Include="../../../RenderTiny_D3D11_Device.cpp">
      <Filter>Util</Filter>
    </ClCompile>
    <ClCompile Include="../../../Win32_OculusRoomTiny_Util.cpp">
      <Filter>Util</Filter>
    </ClCompile>
    <ClCompile Include="..\..\..\..\CommonSrc\Platform\Win32_Gamepad.cpp">
      <Filter>CommonSrc</Filter>
    </ClCompile>
  </ItemGroup>
  <ItemGroup>
    <Filter Include="Util">
      <UniqueIdentifier>{0750679b-ec1e-44c8-a78b-05d9e58a3588}</UniqueIdentifier>
    </Filter>
    <Filter Include="CommonSrc">
      <UniqueIdentifier>{4b2897e2-d185-4e74-b7c9-b66282a1cbe7}</UniqueIdentifier>
    </Filter>
  </ItemGroup>
  <ItemGroup>
    <ClInclude Include="../../../RenderTiny_D3D11_Device.h">
      <Filter>Util</Filter>
    </ClInclude>
    <ClInclude Include="..\..\..\..\CommonSrc\Platform\Win32_Gamepad.h">
      <Filter>CommonSrc</Filter>
    </ClInclude>
  </ItemGroup>
</Project>