<?xml version="1.0" encoding="utf-8"?>
<Project ToolsVersion="4.0" xmlns="http://schemas.microsoft.com/developer/msbuild/2003">
  <ItemGroup>
    <ClCompile Include="OculusRoomModel.cpp" />
    <ClCompile Include="RenderTiny_D3D1X_Device.cpp" />
    <ClCompile Include="RenderTiny_Device.cpp" />
    <ClCompile Include="Win32_OculusRoomTiny.cpp" />
  </ItemGroup>
  <ItemGroup>
    <ClInclude Include="RenderTiny_Device.h" />
    <ClInclude Include="RenderTiny_D3D1X_Device.h" />
    <ClInclude Include="Win32_OculusRoomTiny.h" />
  </ItemGroup>
  <ItemGroup>
    <ResourceCompile Include="OculusRoomTiny.rc" />
  </ItemGroup>
</Project>