Microsoft Visual Studio Solution File, Format Version 11.00
# Visual Studio 2010
Project("{8BC9CEB8-8B4A-11D0-8D11-00A0C91BC942}") = "LibOVR", "..\LibOVR\Projects\Win32\VS2010\LibOVR.vcxproj", "{720F6C5E-6DCF-495A-B25E-10540EA081A2}"
EndProject
Project("{8BC9CEB8-8B4A-11D0-8D11-00A0C91BC942}") = "OculusRoomTiny", "OculusRoomTiny\Projects\Win\VS2010\OculusRoomTiny.vcxproj", "{6C6ECAC4-DB5C-4301-8371-9C7CC8C623C2}"
	ProjectSection(ProjectDependencies) = postProject
		{720F6C5E-6DCF-495A-B25E-10540EA081A2} = {720F6C5E-6DCF-495A-B25E-10540EA081A2}
	EndProjectSection
EndProject
Project("{8BC9CEB8-8B4A-11D0-8D11-00A0C91BC942}") = "OculusWorldDemo", "OculusWorldDemo\Projects\Win\VS2010\OculusWorldDemo.vcxproj", "{456DA1F5-7D65-4B77-8336-277F3921639B}"
	ProjectSection(ProjectDependencies) = postProject
		{720F6C5E-6DCF-495A-B25E-10540EA081A2} = {720F6C5E-6DCF-495A-B25E-10540EA081A2}
	EndProjectSection
EndProject
Global
	GlobalSection(SolutionConfigurationPlatforms) = preSolution
		Debug|Win32 = Debug|Win32
		Debug|x64 = Debug|x64
		Release|Win32 = Release|Win32
		Release|x64 = Release|x64
	EndGlobalSection
	GlobalSection(ProjectConfigurationPlatforms) = postSolution
		{720F6C5E-6DCF-495A-B25E-10540EA081A2}.Debug|Win32.ActiveCfg = Debug|Win32
		{720F6C5E-6DCF-495A-B25E-10540EA081A2}.Debug|Win32.Build.0 = Debug|Win32
		{720F6C5E-6DCF-495A-B25E-10540EA081A2}.Debug|x64.ActiveCfg = Debug|x64
		{720F6C5E-6DCF-495A-B25E-10540EA081A2}.Debug|x64.Build.0 = Debug|x64
		{720F6C5E-6DCF-495A-B25E-10540EA081A2}.Release|Win32.ActiveCfg = Release|Win32
		{720F6C5E-6DCF-495A-B25E-10540EA081A2}.Release|Win32.Build.0 = Release|Win32
		{720F6C5E-6DCF-495A-B25E-10540EA081A2}.Release|x64.ActiveCfg = Release|x64
		{720F6C5E-6DCF-495A-B25E-10540EA081A2}.Release|x64.Build.0 = Release|x64
		{6C6ECAC4-DB5C-4301-8371-9C7CC8C623C2}.Debug|Win32.ActiveCfg = Debug|Win32
		{6C6ECAC4-DB5C-4301-8371-9C7CC8C623C2}.Debug|Win32.Build.0 = Debug|Win32
		{6C6ECAC4-DB5C-4301-8371-9C7CC8C623C2}.Debug|x64.ActiveCfg = Debug|x64
		{6C6ECAC4-DB5C-4301-8371-9C7CC8C623C2}.Debug|x64.Build.0 = Debug|x64
		{6C6ECAC4-DB5C-4301-8371-9C7CC8C623C2}.Release|Win32.ActiveCfg = Release|Win32
		{6C6ECAC4-DB5C-4301-8371-9C7CC8C623C2}.Release|Win32.Build.0 = Release|Win32
		{6C6ECAC4-DB5C-4301-8371-9C7CC8C623C2}.Release|x64.ActiveCfg = Release|x64
		{6C6ECAC4-DB5C-4301-8371-9C7CC8C623C2}.Release|x64.Build.0 = Release|x64
		{456DA1F5-7D65-4B77-8336-277F3921639B}.Debug|Win32.ActiveCfg = Debug|Win32
		{456DA1F5-7D65-4B77-8336-277F3921639B}.Debug|Win32.Build.0 = Debug|Win32
		{456DA1F5-7D65-4B77-8336-277F3921639B}.Debug|x64.ActiveCfg = Debug|x64
		{456DA1F5-7D65-4B77-8336-277F3921639B}.Debug|x64.Build.0 = Debug|x64
		{456DA1F5-7D65-4B77-8336-277F3921639B}.Release|Win32.ActiveCfg = Release|Win32
		{456DA1F5-7D65-4B77-8336-277F3921639B}.Release|Win32.Build.0 = Release|Win32
		{456DA1F5-7D65-4B77-8336-277F3921639B}.Release|x64.ActiveCfg = Release|x64
		{456DA1F5-7D65-4B77-8336-277F3921639B}.Release|x64.Build.0 = Release|x64
	EndGlobalSection
	GlobalSection(SolutionProperties) = preSolution
		HideSolutionNode = FALSE
	EndGlobalSection
EndGlobal
