<?xml version="1.0" encoding="utf-8"?>
<Project ToolsVersion="4.0" xmlns="http://schemas.microsoft.com/developer/msbuild/2003">
  <ItemGroup>
    <ClCompile Include="..\..\..\Src\CAPI\D3D1X\CAPI_D3D1X_DistortionRenderer.cpp">
      <Filter>CAPI\D3D1X</Filter>
    </ClCompile>
    <ClCompile Include="..\..\..\Src\CAPI\D3D1X\CAPI_D3D1X_Util.cpp">
      <Filter>CAPI\D3D1X</Filter>
    </ClCompile>
    <ClCompile Include="..\..\..\Src\CAPI\D3D1X\CAPI_D3D9_DistortionRenderer.cpp">
      <Filter>CAPI\D3D1X</Filter>
    </ClCompile>
    <ClCompile Include="..\..\..\Src\CAPI\D3D1X\CAPI_D3D9_Util.cpp">
      <Filter>CAPI\D3D1X</Filter>
    </ClCompile>
    <ClCompile Include="..\..\..\Src\CAPI\D3D1X\CAPI_D3D10_DistortionRenderer.cpp">
      <Filter>CAPI\D3D1X</Filter>
    </ClCompile>
    <ClCompile Include="..\..\..\Src\CAPI\D3D1X\CAPI_D3D11_DistortionRenderer.cpp">
      <Filter>CAPI\D3D1X</Filter>
    </ClCompile>
    <ClCompile Include="..\..\..\Src\CAPI\CAPI_DistortionRenderer.cpp">
      <Filter>CAPI</Filter>
    </ClCompile>
    <ClCompile Include="..\..\..\Src\CAPI\CAPI_FrameTimeManager.cpp">
      <Filter>CAPI</Filter>
    </ClCompile>
    <ClCompile Include="..\..\..\Src\CAPI\CAPI_HMDRenderState.cpp">
      <Filter>CAPI</Filter>
    </ClCompile>
    <ClCompile Include="..\..\..\Src\CAPI\CAPI_HMDState.cpp">
      <Filter>CAPI</Filter>
    </ClCompile>
    <ClCompile Include="..\..\..\Src\Util\Util_Render_Stereo.cpp">
      <Filter>Util</Filter>
    </ClCompile>
    <ClCompile Include="..\..\..\Src\Util\Util_ImageWindow.cpp">
      <Filter>Util</Filter>
    </ClCompile>
    <ClCompile Include="..\..\..\Src\Util\Util_Interface.cpp">
      <Filter>Util</Filter>
    </ClCompile>
    <ClCompile Include="..\..\..\Src\CAPI\GL\CAPI_GL_DistortionRenderer.cpp">
      <Filter>CAPI\GL</Filter>
    </ClCompile>
    <ClCompile Include="..\..\..\Src\CAPI\GL\CAPI_GL_Util.cpp">
      <Filter>CAPI\GL</Filter>
    </ClCompile>
    <ClCompile Include="..\..\..\Src\OVR_Profile.cpp" />
    <ClCompile Include="..\..\..\Src\OVR_SerialFormat.cpp" />
    <ClCompile Include="..\..\..\Src\OVR_Stereo.cpp" />
    <ClCompile Include="..\..\..\Src\OVR_CAPI.cpp" />
    <ClCompile Include="..\..\..\Src\OVR_JSON.cpp" />
    <ClCompile Include="..\..\..\Src\Kernel\OVR_Alg.cpp">
      <Filter>Kernel</Filter>
    </ClCompile>
    <ClCompile Include="..\..\..\Src\Kernel\OVR_Allocator.cpp">
      <Filter>Kernel</Filter>
    </ClCompile>
    <ClCompile Include="..\..\..\Src\Kernel\OVR_Atomic.cpp">
      <Filter>Kernel</Filter>
    </ClCompile>
    <ClCompile Include="..\..\..\Src\Kernel\OVR_CRC32.cpp">
      <Filter>Kernel</Filter>
    </ClCompile>
    <ClCompile Include="..\..\..\Src\Kernel\OVR_File.cpp">
      <Filter>Kernel</Filter>
    </ClCompile>
    <ClCompile Include="..\..\..\Src\Kernel\OVR_FileFILE.cpp">
      <Filter>Kernel</Filter>
    </ClCompile>
    <ClCompile Include="..\..\..\Src\Kernel\OVR_Lockless.cpp">
      <Filter>Kernel</Filter>
    </ClCompile>
    <ClCompile Include="..\..\..\Src\Kernel\OVR_Log.cpp">
      <Filter>Kernel</Filter>
    </ClCompile>
    <ClCompile Include="..\..\..\Src\Kernel\OVR_Math.cpp">
      <Filter>Kernel</Filter>
    </ClCompile>
    <ClCompile Include="..\..\..\Src\Kernel\OVR_RefCount.cpp">
      <Filter>Kernel</Filter>
    </ClCompile>
    <ClCompile Include="..\..\..\Src\Kernel\OVR_SharedMemory.cpp">
      <Filter>Kernel</Filter>
    </ClCompile>
    <ClCompile Include="..\..\..\Src\Kernel\OVR_Std.cpp">
      <Filter>Kernel</Filter>
    </ClCompile>
    <ClCompile Include="..\..\..\Src\Kernel\OVR_String.cpp">
      <Filter>Kernel</Filter>
    </ClCompile>
    <ClCompile Include="..\..\..\Src\Kernel\OVR_String_FormatUtil.cpp">
      <Filter>Kernel</Filter>
    </ClCompile>
    <ClCompile Include="..\..\..\Src\Kernel\OVR_String_PathUtil.cpp">
      <Filter>Kernel</Filter>
    </ClCompile>
    <ClCompile Include="..\..\..\Src\Kernel\OVR_SysFile.cpp">
      <Filter>Kernel</Filter>
    </ClCompile>
    <ClCompile Include="..\..\..\Src\Kernel\OVR_System.cpp">
      <Filter>Kernel</Filter>
    </ClCompile>
    <ClCompile Include="..\..\..\Src\Kernel\OVR_ThreadsWinAPI.cpp">
      <Filter>Kernel</Filter>
    </ClCompile>
    <ClCompile Include="..\..\..\Src\Kernel\OVR_Timer.cpp">
      <Filter>Kernel</Filter>
    </ClCompile>
    <ClCompile Include="..\..\..\Src\Kernel\OVR_UTF8Util.cpp">
      <Filter>Kernel</Filter>
    </ClCompile>
    <ClCompile Include="..\..\..\Src\Net\OVR_NetworkPlugin.cpp">
      <Filter>Net</Filter>
    </ClCompile>
    <ClCompile Include="..\..\..\Src\Net\OVR_PacketizedTCPSocket.cpp">
      <Filter>Net</Filter>
    </ClCompile>
    <ClCompile Include="..\..\..\Src\Net\OVR_RPC1.cpp">
      <Filter>Net</Filter>
    </ClCompile>
    <ClCompile Include="..\..\..\Src\Net\OVR_Session.cpp">
      <Filter>Net</Filter>
    </ClCompile>
    <ClCompile Include="..\..\..\Src\Net\OVR_Socket.cpp">
      <Filter>Net</Filter>
    </ClCompile>
    <ClCompile Include="..\..\..\Src\Net\OVR_Win32_Socket.cpp">
      <Filter>Net</Filter>
    </ClCompile>
    <ClCompile Include="..\..\..\Src\Net\OVR_BitStream.cpp">
      <Filter>Net</Filter>
    </ClCompile>
    <ClCompile Include="..\..\..\Src\Displays\OVR_Win32_RenderShim.cpp">
      <Filter>Displays</Filter>
    </ClCompile>
    <ClCompile Include="..\..\..\Src\Displays\OVR_Win32_ShimFunctions.cpp">
      <Filter>Displays</Filter>
    </ClCompile>
    <ClCompile Include="..\..\..\Src\Service\Service_NetSessionCommon.cpp">
      <Filter>Service</Filter>
    </ClCompile>
    <ClCompile Include="..\..\..\Src\Service\Service_NetClient.cpp">
      <Filter>Service</Filter>
    </ClCompile>
    <ClCompile Include="..\..\..\Src\Tracking\Tracking_SensorStateReader.cpp">
      <Filter>Tracking</Filter>
    </ClCompile>
    <ClCompile Include="..\..\..\Src\Displays\OVR_Win32_Display.cpp">
      <Filter>Displays</Filter>
    </ClCompile>
    <ClCompile Include="..\..\..\Src\Util\Util_LatencyTest2Reader.cpp">
      <Filter>Util</Filter>
    </ClCompile>
    <ClCompile Include="..\..\..\Src\Displays\OVR_Win32_FocusReader.cpp">
      <Filter>Displays</Filter>
    </ClCompile>
    <ClCompile Include="..\..\..\Src\Kernel\OVR_ThreadCommandQueue.cpp">
      <Filter>Kernel</Filter>
    </ClCompile>
    <ClCompile Include="..\..\..\Src\Util\Util_Settings.cpp">
      <Filter>Util</Filter>
    </ClCompile>
    <ClCompile Include="..\..\..\Src\CAPI\CAPI_HSWDisplay.cpp">
      <Filter>CAPI</Filter>
    </ClCompile>
    <ClCompile Include="..\..\..\Src\CAPI\D3D1X\CAPI_D3D9_HSWDisplay.cpp">
      <Filter>CAPI\D3D1X</Filter>
    </ClCompile>
    <ClCompile Include="..\..\..\Src\CAPI\D3D1X\CAPI_D3D10_HSWDisplay.cpp">
      <Filter>CAPI\D3D1X</Filter>
    </ClCompile>
    <ClCompile Include="..\..\..\Src\CAPI\D3D1X\CAPI_D3D11_HSWDisplay.cpp">
      <Filter>CAPI\D3D1X</Filter>
    </ClCompile>
    <ClCompile Include="..\..\..\Src\CAPI\GL\CAPI_GL_HSWDisplay.cpp">
      <Filter>CAPI\GL</Filter>
    </ClCompile>
  </ItemGroup>
  <ItemGroup>
    <ClInclude Include="..\..\..\Src\CAPI\D3D1X\CAPI_D3D1X_DistortionRenderer.h">
      <Filter>CAPI\D3D1X</Filter>
    </ClInclude>
    <ClInclude Include="..\..\..\Src\CAPI\D3D1X\CAPI_D3D1X_Util.h">
      <Filter>CAPI\D3D1X</Filter>
    </ClInclude>
    <ClInclude Include="..\..\..\Src\CAPI\D3D1X\CAPI_D3D9_DistortionRenderer.h">
      <Filter>CAPI\D3D1X</Filter>
    </ClInclude>
    <ClInclude Include="..\..\..\Src\CAPI\D3D1X\CAPI_D3D10_DistortionRenderer.h">
      <Filter>CAPI\D3D1X</Filter>
    </ClInclude>
    <ClInclude Include="..\..\..\Src\CAPI\D3D1X\CAPI_D3D11_DistortionRenderer.h">
      <Filter>CAPI\D3D1X</Filter>
    </ClInclude>
    <ClInclude Include="..\..\..\Src\CAPI\CAPI_DistortionRenderer.h">
      <Filter>CAPI</Filter>
    </ClInclude>
    <ClInclude Include="..\..\..\Src\CAPI\CAPI_FrameTimeManager.h">
      <Filter>CAPI</Filter>
    </ClInclude>
    <ClInclude Include="..\..\..\Src\CAPI\CAPI_HMDRenderState.h">
      <Filter>CAPI</Filter>
    </ClInclude>
    <ClInclude Include="..\..\..\Src\CAPI\CAPI_HMDState.h">
      <Filter>CAPI</Filter>
    </ClInclude>
    <ClInclude Include="..\..\..\Src\Util\Util_Interface.h">
      <Filter>Util</Filter>
    </ClInclude>
    <ClInclude Include="..\..\..\Src\Util\Util_Render_Stereo.h">
      <Filter>Util</Filter>
    </ClInclude>
    <ClInclude Include="..\..\..\Src\Util\Util_ImageWindow.h">
      <Filter>Util</Filter>
    </ClInclude>
    <ClInclude Include="..\..\..\Src\CAPI\GL\CAPI_GL_DistortionRenderer.h">
      <Filter>CAPI\GL</Filter>
    </ClInclude>
    <ClInclude Include="..\..\..\Src\CAPI\GL\CAPI_GL_Util.h">
      <Filter>CAPI\GL</Filter>
    </ClInclude>
    <ClInclude Include="..\..\..\Src\OVR_JSON.h" />
    <ClInclude Include="..\..\..\Src\OVR_Profile.h" />
    <ClInclude Include="..\..\..\Src\OVR_SerialFormat.h" />
    <ClInclude Include="..\..\..\Src\OVR_Stereo.h" />
    <ClInclude Include="..\..\..\Src\OVR_CAPI.h" />
    <ClInclude Include="..\..\..\Src\OVR_CAPI_D3D.h" />
    <ClInclude Include="..\..\..\Src\OVR_CAPI_GL.h" />
    <ClInclude Include="..\..\..\Src\Kernel\OVR_Alg.h">
      <Filter>Kernel</Filter>
    </ClInclude>
    <ClInclude Include="..\..\..\Src\Kernel\OVR_Allocator.h">
      <Filter>Kernel</Filter>
    </ClInclude>
    <ClInclude Include="..\..\..\Src\Kernel\OVR_Array.h">
      <Filter>Kernel</Filter>
    </ClInclude>
    <ClInclude Include="..\..\..\Src\Kernel\OVR_Atomic.h">
      <Filter>Kernel</Filter>
    </ClInclude>
    <ClInclude Include="..\..\..\Src\Kernel\OVR_Color.h">
      <Filter>Kernel</Filter>
    </ClInclude>
    <ClInclude Include="..\..\..\Src\Kernel\OVR_Compiler.h">
      <Filter>Kernel</Filter>
    </ClInclude>
    <ClInclude Include="..\..\..\Src\Kernel\OVR_ContainerAllocator.h">
      <Filter>Kernel</Filter>
    </ClInclude>
    <ClInclude Include="..\..\..\Src\Kernel\OVR_CRC32.h">
      <Filter>Kernel</Filter>
    </ClInclude>
    <ClInclude Include="..\..\..\Src\Kernel\OVR_Delegates.h">
      <Filter>Kernel</Filter>
    </ClInclude>
    <ClInclude Include="..\..\..\Src\Kernel\OVR_Deque.h">
      <Filter>Kernel</Filter>
    </ClInclude>
    <ClInclude Include="..\..\..\Src\Kernel\OVR_File.h">
      <Filter>Kernel</Filter>
    </ClInclude>
    <ClInclude Include="..\..\..\Src\Kernel\OVR_Hash.h">
      <Filter>Kernel</Filter>
    </ClInclude>
    <ClInclude Include="..\..\..\Src\Kernel\OVR_KeyCodes.h">
      <Filter>Kernel</Filter>
    </ClInclude>
    <ClInclude Include="..\..\..\Src\Kernel\OVR_List.h">
      <Filter>Kernel</Filter>
    </ClInclude>
    <ClInclude Include="..\..\..\Src\Kernel\OVR_Lockless.h">
      <Filter>Kernel</Filter>
    </ClInclude>
    <ClInclude Include="..\..\..\Src\Kernel\OVR_Log.h">
      <Filter>Kernel</Filter>
    </ClInclude>
    <ClInclude Include="..\..\..\Src\Kernel\OVR_Math.h">
      <Filter>Kernel</Filter>
    </ClInclude>
    <ClInclude Include="..\..\..\Src\Kernel\OVR_Nullptr.h">
      <Filter>Kernel</Filter>
    </ClInclude>
    <ClInclude Include="..\..\..\Src\Kernel\OVR_RefCount.h">
      <Filter>Kernel</Filter>
    </ClInclude>
    <ClInclude Include="..\..\..\Src\Kernel\OVR_SharedMemory.h">
      <Filter>Kernel</Filter>
    </ClInclude>
    <ClInclude Include="..\..\..\Src\Kernel\OVR_Std.h">
      <Filter>Kernel</Filter>
    </ClInclude>
    <ClInclude Include="..\..\..\Src\Kernel\OVR_String.h">
      <Filter>Kernel</Filter>
    </ClInclude>
    <ClInclude Include="..\..\..\Src\Kernel\OVR_StringHash.h">
      <Filter>Kernel</Filter>
    </ClInclude>
    <ClInclude Include="..\..\..\Src\Kernel\OVR_SysFile.h">
      <Filter>Kernel</Filter>
    </ClInclude>
    <ClInclude Include="..\..\..\Src\Kernel\OVR_System.h">
      <Filter>Kernel</Filter>
    </ClInclude>
    <ClInclude Include="..\..\..\Src\Kernel\OVR_Threads.h">
      <Filter>Kernel</Filter>
    </ClInclude>
    <ClInclude Include="..\..\..\Src\Kernel\OVR_Timer.h">
      <Filter>Kernel</Filter>
    </ClInclude>
    <ClInclude Include="..\..\..\Src\Kernel\OVR_Types.h">
      <Filter>Kernel</Filter>
    </ClInclude>
    <ClInclude Include="..\..\..\Src\Kernel\OVR_UTF8Util.h">
      <Filter>Kernel</Filter>
    </ClInclude>
    <ClInclude Include="..\..\..\Src\Net\OVR_NetworkPlugin.h">
      <Filter>Net</Filter>
    </ClInclude>
    <ClInclude Include="..\..\..\Src\Net\OVR_NetworkTypes.h">
      <Filter>Net</Filter>
    </ClInclude>
    <ClInclude Include="..\..\..\Src\Net\OVR_PacketizedTCPSocket.h">
      <Filter>Net</Filter>
    </ClInclude>
    <ClInclude Include="..\..\..\Src\Net\OVR_RPC1.h">
      <Filter>Net</Filter>
    </ClInclude>
    <ClInclude Include="..\..\..\Src\Net\OVR_Session.h">
      <Filter>Net</Filter>
    </ClInclude>
    <ClInclude Include="..\..\..\Src\Net\OVR_Socket.h">
      <Filter>Net</Filter>
    </ClInclude>
    <ClInclude Include="..\..\..\Src\Net\OVR_Win32_Socket.h">
      <Filter>Net</Filter>
    </ClInclude>
    <ClInclude Include="..\..\..\Src\Net\OVR_BitStream.h">
      <Filter>Net</Filter>
    </ClInclude>
    <ClInclude Include="..\..\..\Src\Displays\OVR_Win32_ShimFunctions.h">
      <Filter>Displays</Filter>
    </ClInclude>
    <ClInclude Include="..\..\..\Src\Service\Service_NetClient.h">
      <Filter>Service</Filter>
    </ClInclude>
    <ClInclude Include="..\..\..\Src\Service\Service_NetSessionCommon.h">
      <Filter>Service</Filter>
    </ClInclude>
    <ClInclude Include="..\..\..\Src\Tracking\Tracking_SensorStateReader.h">
      <Filter>Tracking</Filter>
    </ClInclude>
    <ClInclude Include="..\..\..\Src\Displays\OVR_Win32_Dxgi_Display.h">
      <Filter>Displays</Filter>
    </ClInclude>
    <ClInclude Include="..\..\..\Src\Displays\OVR_Win32_Display.h">
      <Filter>Displays</Filter>
    </ClInclude>
    <ClInclude Include="..\..\..\Src\Util\Util_LatencyTest2Reader.h">
      <Filter>Util</Filter>
    </ClInclude>
    <ClInclude Include="..\..\..\Src\Displays\OVR_Win32_FocusReader.h">
      <Filter>Displays</Filter>
    </ClInclude>
    <ClInclude Include="..\..\..\Src\Tracking\Tracking_SensorState.h">
      <Filter>Tracking</Filter>
    </ClInclude>
    <ClInclude Include="..\..\..\Src\Tracking\Tracking_PoseState.h">
      <Filter>Tracking</Filter>
    </ClInclude>
    <ClInclude Include="..\..\..\Src\Util\Util_LatencyTest2State.h">
      <Filter>Util</Filter>
    </ClInclude>
    <ClInclude Include="..\..\..\Src\Sensors\OVR_DeviceConstants.h">
      <Filter>Sensors</Filter>
    </ClInclude>
    <ClInclude Include="..\..\..\Src\Kernel\OVR_ThreadCommandQueue.h">
      <Filter>Kernel</Filter>
    </ClInclude>
    <ClInclude Include="..\..\..\Src\Displays\OVR_Display.h">
      <Filter>Displays</Filter>
    </ClInclude>
    <ClInclude Include="..\..\..\Src\Util\Util_Settings.h">
      <Filter>Util</Filter>
    </ClInclude>
    <ClInclude Include="..\..\..\Src\CAPI\CAPI_HSWDisplay.h">
      <Filter>CAPI</Filter>
    </ClInclude>
    <ClInclude Include="..\..\..\Src\CAPI\Textures\healthAndSafety.tga.h">
      <Filter>CAPI\Textures</Filter>
    </ClInclude>
    <ClInclude Include="..\..\..\Src\CAPI\D3D1X\CAPI_D3D9_HSWDisplay.h">
      <Filter>CAPI\D3D1X</Filter>
    </ClInclude>
    <ClInclude Include="..\..\..\Src\CAPI\D3D1X\CAPI_D3D10_HSWDisplay.h">
      <Filter>CAPI\D3D1X</Filter>
    </ClInclude>
    <ClInclude Include="..\..\..\Src\CAPI\D3D1X\CAPI_D3D11_HSWDisplay.h">
      <Filter>CAPI\D3D1X</Filter>
    </ClInclude>
    <ClInclude Include="..\..\..\Src\CAPI\GL\CAPI_GL_HSWDisplay.h">
      <Filter>CAPI\GL</Filter>
    </ClInclude>
  </ItemGroup>
  <ItemGroup>
    <CustomBuild Include="..\..\..\Src\CAPI\Shaders\DistortionTimewarpChroma_vs.vsh">
      <Filter>CAPI\Shaders</Filter>
    </CustomBuild>
    <CustomBuild Include="..\..\..\Src\CAPI\Shaders\DistortionTimewarp_vs.vsh">
      <Filter>CAPI\Shaders</Filter>
    </CustomBuild>
    <CustomBuild Include="..\..\..\Src\CAPI\Shaders\DistortionChroma_vs.vsh">
      <Filter>CAPI\Shaders</Filter>
    </CustomBuild>
    <CustomBuild Include="..\..\..\Src\CAPI\Shaders\DistortionChroma_ps.psh">
      <Filter>CAPI\Shaders</Filter>
    </CustomBuild>
    <CustomBuild Include="..\..\..\Src\CAPI\Shaders\Distortion_vs.vsh">
      <Filter>CAPI\Shaders</Filter>
    </CustomBuild>
    <CustomBuild Include="..\..\..\Src\CAPI\Shaders\Distortion_ps.psh">
      <Filter>CAPI\Shaders</Filter>
    </CustomBuild>
    <CustomBuild Include="..\..\..\Src\CAPI\Shaders\SimpleQuad_vs.vsh">
      <Filter>CAPI\Shaders</Filter>
    </CustomBuild>
    <CustomBuild Include="..\..\..\Src\CAPI\Shaders\SimpleQuad_ps.psh">
      <Filter>CAPI\Shaders</Filter>
    </CustomBuild>
  </ItemGroup>
  <ItemGroup>
    <Filter Include="CAPI">
      <UniqueIdentifier>{42ff86e1-b618-4432-99ce-e6b92c7460eb}</UniqueIdentifier>
    </Filter>
    <Filter Include="CAPI\Shaders">
      <UniqueIdentifier>{a65a3889-6d00-4a76-acfe-6db1249f104d}</UniqueIdentifier>
    </Filter>
    <Filter Include="CAPI\D3D1X">
      <UniqueIdentifier>{77e1d16e-00a1-4130-8ee6-f81d1e850859}</UniqueIdentifier>
    </Filter>
    <Filter Include="Kernel">
      <UniqueIdentifier>{b5206073-e32d-413b-804b-6c4f6984365c}</UniqueIdentifier>
    </Filter>
    <Filter Include="Util">
      <UniqueIdentifier>{470c25c2-99a2-439b-9f6b-761e8c70f84e}</UniqueIdentifier>
    </Filter>
    <Filter Include="CAPI\GL">
      <UniqueIdentifier>{47ac92b1-d962-4180-90a5-846feef19a6b}</UniqueIdentifier>
    </Filter>
    <Filter Include="Net">
      <UniqueIdentifier>{908d5c2d-305b-4a8a-9b25-b551a42677d1}</UniqueIdentifier>
    </Filter>
    <Filter Include="Displays">
      <UniqueIdentifier>{166e9ffc-558b-46ca-be9f-de9ac0ed89e9}</UniqueIdentifier>
    </Filter>
    <Filter Include="Service">
      <UniqueIdentifier>{5ef4cc4f-f0f2-4653-96fa-aafafd95f77e}</UniqueIdentifier>
    </Filter>
    <Filter Include="Tracking">
      <UniqueIdentifier>{16de1b27-4167-429c-a964-44e476ec9c95}</UniqueIdentifier>
    </Filter>
    <Filter Include="Sensors">
      <UniqueIdentifier>{9b464232-8a47-404b-8120-b6e8dc016c36}</UniqueIdentifier>
    </Filter>
    <Filter Include="CAPI\Textures">
      <UniqueIdentifier>{4133d45b-be4b-4813-afea-9ad61ce3fe11}</UniqueIdentifier>
    </Filter>
  </ItemGroup>
  <ItemGroup>
    <None Include="..\..\..\Src\CAPI\Shaders\SimpleTexturedQuad_ps.psh">
      <Filter>CAPI\Shaders</Filter>
    </None>
    <None Include="..\..\..\Src\CAPI\Shaders\SimpleTexturedQuad_vs.vsh">
      <Filter>CAPI\Shaders</Filter>
    </None>
  </ItemGroup>
</Project>